
Microsoft Visual Studio Solution File, Format Version 12.00
# Visual Studio 15
VisualStudioVersion = 15.0.26730.8
MinimumVisualStudioVersion = 10.0.40219.1
Project("{FAE04EC0-301F-11D3-BF4B-00C04F79EFBC}") = "ArduinoDht11", "ArduinoDht11\ArduinoDht11.csproj", "{B102073A-A9EF-422D-8E87-76EA4CB336C6}"
EndProject
Project("{FAE04EC0-301F-11D3-BF4B-00C04F79EFBC}") = "UploadSketchMicroApi", "UploadSketch\UploadSketchMicroApi.csproj", "{F792A697-8CC2-44FB-94C4-6C904285FA63}"
EndProject
Project("{FAE04EC0-301F-11D3-BF4B-00C04F79EFBC}") = "UploadSketchArduino", "UploadSketchArduino\UploadSketchArduino.csproj", "{65483539-8DFB-4A53-8116-3E50E84C1310}"
EndProject
Project("{8BC9CEB8-8B4A-11D0-8D11-00A0C91BC942}") = "Sketch1", "Sketch1\Sketch1.vcxproj", "{C5F80730-F44F-4478-BDAE-6634EFC2CA88}"
EndProject
Project("{FAE04EC0-301F-11D3-BF4B-00C04F79EFBC}") = "IotBackground", "IotBackground\IotBackground.csproj", "{4EEFDFF6-351E-4A16-8445-71DB0D7A576D}"
EndProject
Project("{FAE04EC0-301F-11D3-BF4B-00C04F79EFBC}") = "IoTPlants", "IoTPlants\IoTPlants.csproj", "{1D4E6AB1-7E2F-42A4-8ACB-54D15A1E741E}"
EndProject
Global
	GlobalSection(SolutionConfigurationPlatforms) = preSolution
		Debug|Any CPU = Debug|Any CPU
		Debug|ARM = Debug|ARM
		Debug|x64 = Debug|x64
		Debug|x86 = Debug|x86
		Release|Any CPU = Release|Any CPU
		Release|ARM = Release|ARM
		Release|x64 = Release|x64
		Release|x86 = Release|x86
	EndGlobalSection
	GlobalSection(ProjectConfigurationPlatforms) = postSolution
		{B102073A-A9EF-422D-8E87-76EA4CB336C6}.Debug|Any CPU.ActiveCfg = Debug|x86
		{B102073A-A9EF-422D-8E87-76EA4CB336C6}.Debug|ARM.ActiveCfg = Debug|ARM
		{B102073A-A9EF-422D-8E87-76EA4CB336C6}.Debug|ARM.Build.0 = Debug|ARM
		{B102073A-A9EF-422D-8E87-76EA4CB336C6}.Debug|ARM.Deploy.0 = Debug|ARM
		{B102073A-A9EF-422D-8E87-76EA4CB336C6}.Debug|x64.ActiveCfg = Debug|x64
		{B102073A-A9EF-422D-8E87-76EA4CB336C6}.Debug|x64.Build.0 = Debug|x64
		{B102073A-A9EF-422D-8E87-76EA4CB336C6}.Debug|x64.Deploy.0 = Debug|x64
		{B102073A-A9EF-422D-8E87-76EA4CB336C6}.Debug|x86.ActiveCfg = Debug|x86
		{B102073A-A9EF-422D-8E87-76EA4CB336C6}.Debug|x86.Build.0 = Debug|x86
		{B102073A-A9EF-422D-8E87-76EA4CB336C6}.Debug|x86.Deploy.0 = Debug|x86
		{B102073A-A9EF-422D-8E87-76EA4CB336C6}.Release|Any CPU.ActiveCfg = Release|x86
		{B102073A-A9EF-422D-8E87-76EA4CB336C6}.Release|ARM.ActiveCfg = Release|ARM
		{B102073A-A9EF-422D-8E87-76EA4CB336C6}.Release|ARM.Build.0 = Release|ARM
		{B102073A-A9EF-422D-8E87-76EA4CB336C6}.Release|ARM.Deploy.0 = Release|ARM
		{B102073A-A9EF-422D-8E87-76EA4CB336C6}.Release|x64.ActiveCfg = Release|x64
		{B102073A-A9EF-422D-8E87-76EA4CB336C6}.Release|x64.Build.0 = Release|x64
		{B102073A-A9EF-422D-8E87-76EA4CB336C6}.Release|x64.Deploy.0 = Release|x64
		{B102073A-A9EF-422D-8E87-76EA4CB336C6}.Release|x86.ActiveCfg = Release|x86
		{B102073A-A9EF-422D-8E87-76EA4CB336C6}.Release|x86.Build.0 = Release|x86
		{B102073A-A9EF-422D-8E87-76EA4CB336C6}.Release|x86.Deploy.0 = Release|x86
		{F792A697-8CC2-44FB-94C4-6C904285FA63}.Debug|Any CPU.ActiveCfg = Debug|Any CPU
		{F792A697-8CC2-44FB-94C4-6C904285FA63}.Debug|Any CPU.Build.0 = Debug|Any CPU
		{F792A697-8CC2-44FB-94C4-6C904285FA63}.Debug|ARM.ActiveCfg = Debug|Any CPU
		{F792A697-8CC2-44FB-94C4-6C904285FA63}.Debug|ARM.Build.0 = Debug|Any CPU
		{F792A697-8CC2-44FB-94C4-6C904285FA63}.Debug|x64.ActiveCfg = Debug|Any CPU
		{F792A697-8CC2-44FB-94C4-6C904285FA63}.Debug|x64.Build.0 = Debug|Any CPU
		{F792A697-8CC2-44FB-94C4-6C904285FA63}.Debug|x86.ActiveCfg = Debug|Any CPU
		{F792A697-8CC2-44FB-94C4-6C904285FA63}.Debug|x86.Build.0 = Debug|Any CPU
		{F792A697-8CC2-44FB-94C4-6C904285FA63}.Release|Any CPU.ActiveCfg = Release|Any CPU
		{F792A697-8CC2-44FB-94C4-6C904285FA63}.Release|Any CPU.Build.0 = Release|Any CPU
		{F792A697-8CC2-44FB-94C4-6C904285FA63}.Release|ARM.ActiveCfg = Release|Any CPU
		{F792A697-8CC2-44FB-94C4-6C904285FA63}.Release|ARM.Build.0 = Release|Any CPU
		{F792A697-8CC2-44FB-94C4-6C904285FA63}.Release|x64.ActiveCfg = Release|Any CPU
		{F792A697-8CC2-44FB-94C4-6C904285FA63}.Release|x64.Build.0 = Release|Any CPU
		{F792A697-8CC2-44FB-94C4-6C904285FA63}.Release|x86.ActiveCfg = Release|Any CPU
		{F792A697-8CC2-44FB-94C4-6C904285FA63}.Release|x86.Build.0 = Release|Any CPU
		{65483539-8DFB-4A53-8116-3E50E84C1310}.Debug|Any CPU.ActiveCfg = Debug|Any CPU
		{65483539-8DFB-4A53-8116-3E50E84C1310}.Debug|Any CPU.Build.0 = Debug|Any CPU
		{65483539-8DFB-4A53-8116-3E50E84C1310}.Debug|ARM.ActiveCfg = Debug|Any CPU
		{65483539-8DFB-4A53-8116-3E50E84C1310}.Debug|ARM.Build.0 = Debug|Any CPU
		{65483539-8DFB-4A53-8116-3E50E84C1310}.Debug|x64.ActiveCfg = Debug|Any CPU
		{65483539-8DFB-4A53-8116-3E50E84C1310}.Debug|x64.Build.0 = Debug|Any CPU
		{65483539-8DFB-4A53-8116-3E50E84C1310}.Debug|x86.ActiveCfg = Debug|Any CPU
		{65483539-8DFB-4A53-8116-3E50E84C1310}.Debug|x86.Build.0 = Debug|Any CPU
		{65483539-8DFB-4A53-8116-3E50E84C1310}.Release|Any CPU.ActiveCfg = Release|Any CPU
		{65483539-8DFB-4A53-8116-3E50E84C1310}.Release|Any CPU.Build.0 = Release|Any CPU
		{65483539-8DFB-4A53-8116-3E50E84C1310}.Release|ARM.ActiveCfg = Release|Any CPU
		{65483539-8DFB-4A53-8116-3E50E84C1310}.Release|ARM.Build.0 = Release|Any CPU
		{65483539-8DFB-4A53-8116-3E50E84C1310}.Release|x64.ActiveCfg = Release|Any CPU
		{65483539-8DFB-4A53-8116-3E50E84C1310}.Release|x64.Build.0 = Release|Any CPU
		{65483539-8DFB-4A53-8116-3E50E84C1310}.Release|x86.ActiveCfg = Release|Any CPU
		{65483539-8DFB-4A53-8116-3E50E84C1310}.Release|x86.Build.0 = Release|Any CPU
		{C5F80730-F44F-4478-BDAE-6634EFC2CA88}.Debug|Any CPU.ActiveCfg = Debug|Win32
		{C5F80730-F44F-4478-BDAE-6634EFC2CA88}.Debug|ARM.ActiveCfg = Debug|Win32
		{C5F80730-F44F-4478-BDAE-6634EFC2CA88}.Debug|x64.ActiveCfg = Debug|Win32
		{C5F80730-F44F-4478-BDAE-6634EFC2CA88}.Debug|x86.ActiveCfg = Debug|Win32
		{C5F80730-F44F-4478-BDAE-6634EFC2CA88}.Debug|x86.Build.0 = Debug|Win32
		{C5F80730-F44F-4478-BDAE-6634EFC2CA88}.Release|Any CPU.ActiveCfg = Release|Win32
		{C5F80730-F44F-4478-BDAE-6634EFC2CA88}.Release|ARM.ActiveCfg = Release|Win32
		{C5F80730-F44F-4478-BDAE-6634EFC2CA88}.Release|x64.ActiveCfg = Release|Win32
		{C5F80730-F44F-4478-BDAE-6634EFC2CA88}.Release|x86.ActiveCfg = Release|Win32
		{C5F80730-F44F-4478-BDAE-6634EFC2CA88}.Release|x86.Build.0 = Release|Win32
		{4EEFDFF6-351E-4A16-8445-71DB0D7A576D}.Debug|Any CPU.ActiveCfg = Debug|x86
		{4EEFDFF6-351E-4A16-8445-71DB0D7A576D}.Debug|ARM.ActiveCfg = Debug|ARM
		{4EEFDFF6-351E-4A16-8445-71DB0D7A576D}.Debug|ARM.Build.0 = Debug|ARM
		{4EEFDFF6-351E-4A16-8445-71DB0D7A576D}.Debug|ARM.Deploy.0 = Debug|ARM
		{4EEFDFF6-351E-4A16-8445-71DB0D7A576D}.Debug|x64.ActiveCfg = Debug|x64
		{4EEFDFF6-351E-4A16-8445-71DB0D7A576D}.Debug|x64.Build.0 = Debug|x64
		{4EEFDFF6-351E-4A16-8445-71DB0D7A576D}.Debug|x64.Deploy.0 = Debug|x64
		{4EEFDFF6-351E-4A16-8445-71DB0D7A576D}.Debug|x86.ActiveCfg = Debug|x86
		{4EEFDFF6-351E-4A16-8445-71DB0D7A576D}.Debug|x86.Build.0 = Debug|x86
		{4EEFDFF6-351E-4A16-8445-71DB0D7A576D}.Debug|x86.Deploy.0 = Debug|x86
		{4EEFDFF6-351E-4A16-8445-71DB0D7A576D}.Release|Any CPU.ActiveCfg = Release|x86
		{4EEFDFF6-351E-4A16-8445-71DB0D7A576D}.Release|ARM.ActiveCfg = Release|ARM
		{4EEFDFF6-351E-4A16-8445-71DB0D7A576D}.Release|ARM.Build.0 = Release|ARM
		{4EEFDFF6-351E-4A16-8445-71DB0D7A576D}.Release|ARM.Deploy.0 = Release|ARM
		{4EEFDFF6-351E-4A16-8445-71DB0D7A576D}.Release|x64.ActiveCfg = Release|x64
		{4EEFDFF6-351E-4A16-8445-71DB0D7A576D}.Release|x64.Build.0 = Release|x64
		{4EEFDFF6-351E-4A16-8445-71DB0D7A576D}.Release|x64.Deploy.0 = Release|x64
		{4EEFDFF6-351E-4A16-8445-71DB0D7A576D}.Release|x86.ActiveCfg = Release|x86
		{4EEFDFF6-351E-4A16-8445-71DB0D7A576D}.Release|x86.Build.0 = Release|x86
		{4EEFDFF6-351E-4A16-8445-71DB0D7A576D}.Release|x86.Deploy.0 = Release|x86
		{1D4E6AB1-7E2F-42A4-8ACB-54D15A1E741E}.Debug|Any CPU.ActiveCfg = Debug|x86
		{1D4E6AB1-7E2F-42A4-8ACB-54D15A1E741E}.Debug|ARM.ActiveCfg = Debug|ARM
		{1D4E6AB1-7E2F-42A4-8ACB-54D15A1E741E}.Debug|ARM.Build.0 = Debug|ARM
		{1D4E6AB1-7E2F-42A4-8ACB-54D15A1E741E}.Debug|ARM.Deploy.0 = Debug|ARM
		{1D4E6AB1-7E2F-42A4-8ACB-54D15A1E741E}.Debug|x64.ActiveCfg = Debug|x64
		{1D4E6AB1-7E2F-42A4-8ACB-54D15A1E741E}.Debug|x64.Build.0 = Debug|x64
		{1D4E6AB1-7E2F-42A4-8ACB-54D15A1E741E}.Debug|x64.Deploy.0 = Debug|x64
		{1D4E6AB1-7E2F-42A4-8ACB-54D15A1E741E}.Debug|x86.ActiveCfg = Debug|x86
		{1D4E6AB1-7E2F-42A4-8ACB-54D15A1E741E}.Debug|x86.Build.0 = Debug|x86
		{1D4E6AB1-7E2F-42A4-8ACB-54D15A1E741E}.Debug|x86.Deploy.0 = Debug|x86
		{1D4E6AB1-7E2F-42A4-8ACB-54D15A1E741E}.Release|Any CPU.ActiveCfg = Release|x86
		{1D4E6AB1-7E2F-42A4-8ACB-54D15A1E741E}.Release|ARM.ActiveCfg = Release|ARM
		{1D4E6AB1-7E2F-42A4-8ACB-54D15A1E741E}.Release|ARM.Build.0 = Release|ARM
		{1D4E6AB1-7E2F-42A4-8ACB-54D15A1E741E}.Release|ARM.Deploy.0 = Release|ARM
		{1D4E6AB1-7E2F-42A4-8ACB-54D15A1E741E}.Release|x64.ActiveCfg = Release|x64
		{1D4E6AB1-7E2F-42A4-8ACB-54D15A1E741E}.Release|x64.Build.0 = Release|x64
		{1D4E6AB1-7E2F-42A4-8ACB-54D15A1E741E}.Release|x64.Deploy.0 = Release|x64
		{1D4E6AB1-7E2F-42A4-8ACB-54D15A1E741E}.Release|x86.ActiveCfg = Release|x86
		{1D4E6AB1-7E2F-42A4-8ACB-54D15A1E741E}.Release|x86.Build.0 = Release|x86
		{1D4E6AB1-7E2F-42A4-8ACB-54D15A1E741E}.Release|x86.Deploy.0 = Release|x86
	EndGlobalSection
	GlobalSection(SolutionProperties) = preSolution
		HideSolutionNode = FALSE
	EndGlobalSection
	GlobalSection(ExtensibilityGlobals) = postSolution
		SolutionGuid = {9A1C2F5B-12A3-429A-8DB7-BC86C99D4993}
	EndGlobalSection
EndGlobal
